Microsoft Visual Studio Solution File, Format Version 12.00
# Visual Studio Version 17
VisualStudioVersion = 17.5.2.0
MinimumVisualStudioVersion = 10.0.40219.1
Project("{FAE04EC0-301F-11D3-BF4B-00C04F79EFBC}") = "PR6_GitHub_Sbait", "PR6_GitHub_Sbait.csproj", "{EB510940-DFC3-DB07-2257-EB741E29F684}"
EndProject
Global
	GlobalSection(SolutionConfigurationPlatforms) = preSolution
		Debug|Any CPU = Debug|Any CPU
		Release|Any CPU = Release|Any CPU
	EndGlobalSection
	GlobalSection(ProjectConfigurationPlatforms) = postSolution
		{EB510940-DFC3-DB07-2257-EB741E29F684}.Debug|Any CPU.ActiveCfg = Debug|Any CPU
		{EB510940-DFC3-DB07-2257-EB741E29F684}.Debug|Any CPU.Build.0 = Debug|Any CPU
		{EB510940-DFC3-DB07-2257-EB741E29F684}.Release|Any CPU.ActiveCfg = Release|Any CPU
		{EB510940-DFC3-DB07-2257-EB741E29F684}.Release|Any CPU.Build.0 = Release|Any CPU
	EndGlobalSection
	GlobalSection(SolutionProperties) = preSolution
		HideSolutionNode = FALSE
	EndGlobalSection
	GlobalSection(ExtensibilityGlobals) = postSolution
		SolutionGuid = {04A26E74-2424-41BF-B929-90BA15AE35E0}
	EndGlobalSection
EndGlobal
